
Microsoft Visual Studio Solution File, Format Version 12.00
# Visual Studio 14
VisualStudioVersion = 14.0.24720.0
MinimumVisualStudioVersion = 10.0.40219.1
Project("{FAE04EC0-301F-11D3-BF4B-00C04F79EFBC}") = "CM3D2.VRMenu.Plugin", "CM3D2.VRMenu.Plugin\CM3D2.VRMenu.Plugin.csproj", "{729524D4-F3C3-4627-8B7D-FEB1694FA6EC}"
EndProject
Project("{FAE04EC0-301F-11D3-BF4B-00C04F79EFBC}") = "CM3D2.VRMenu.Plugin.Patcher", "CM3D2.VRMenu.Plugin.Patcher\CM3D2.VRMenu.Plugin.Patcher.csproj", "{EE718BCC-42A3-4DF2-A03F-56AD2BFA10B9}"
EndProject
Project("{FAE04EC0-301F-11D3-BF4B-00C04F79EFBC}") = "CM3D2.VRMenuWithGripMove.Plugin", "CM3D2.VRMenuWithGripMove.Plugin\CM3D2.VRMenuWithGripMove.Plugin.csproj", "{8270CA0F-A039-4DC7-8950-59131CEED5D5}"
EndProject
Project("{FAE04EC0-301F-11D3-BF4B-00C04F79EFBC}") = "CM3D2.VRMenu.MyKeyInput", "CM3D2.VRMenu.MyKeyInput\CM3D2.VRMenu.MyKeyInput.csproj", "{6D2117ED-8A87-49E7-BE2F-C37F09FFF39A}"
EndProject
Global
	GlobalSection(SolutionConfigurationPlatforms) = preSolution
		Debug|Any CPU = Debug|Any CPU
		Release|Any CPU = Release|Any CPU
	EndGlobalSection
	GlobalSection(ProjectConfigurationPlatforms) = postSolution
		{729524D4-F3C3-4627-8B7D-FEB1694FA6EC}.Debug|Any CPU.ActiveCfg = Debug|Any CPU
		{729524D4-F3C3-4627-8B7D-FEB1694FA6EC}.Debug|Any CPU.Build.0 = Debug|Any CPU
		{729524D4-F3C3-4627-8B7D-FEB1694FA6EC}.Release|Any CPU.ActiveCfg = Release|Any CPU
		{729524D4-F3C3-4627-8B7D-FEB1694FA6EC}.Release|Any CPU.Build.0 = Release|Any CPU
		{EE718BCC-42A3-4DF2-A03F-56AD2BFA10B9}.Debug|Any CPU.ActiveCfg = Debug|Any CPU
		{EE718BCC-42A3-4DF2-A03F-56AD2BFA10B9}.Debug|Any CPU.Build.0 = Debug|Any CPU
		{EE718BCC-42A3-4DF2-A03F-56AD2BFA10B9}.Release|Any CPU.ActiveCfg = Release|Any CPU
		{EE718BCC-42A3-4DF2-A03F-56AD2BFA10B9}.Release|Any CPU.Build.0 = Release|Any CPU
		{8270CA0F-A039-4DC7-8950-59131CEED5D5}.Debug|Any CPU.ActiveCfg = Debug|Any CPU
		{8270CA0F-A039-4DC7-8950-59131CEED5D5}.Debug|Any CPU.Build.0 = Debug|Any CPU
		{8270CA0F-A039-4DC7-8950-59131CEED5D5}.Release|Any CPU.ActiveCfg = Release|Any CPU
		{8270CA0F-A039-4DC7-8950-59131CEED5D5}.Release|Any CPU.Build.0 = Release|Any CPU
		{6D2117ED-8A87-49E7-BE2F-C37F09FFF39A}.Debug|Any CPU.ActiveCfg = Debug|Any CPU
		{6D2117ED-8A87-49E7-BE2F-C37F09FFF39A}.Debug|Any CPU.Build.0 = Debug|Any CPU
		{6D2117ED-8A87-49E7-BE2F-C37F09FFF39A}.Release|Any CPU.ActiveCfg = Release|Any CPU
		{6D2117ED-8A87-49E7-BE2F-C37F09FFF39A}.Release|Any CPU.Build.0 = Release|Any CPU
	EndGlobalSection
	GlobalSection(SolutionProperties) = preSolution
		HideSolutionNode = FALSE
	EndGlobalSection
EndGlobal
